# This file is automatically @generated by Cargo.
# It is not intended for manual editing.
version = 4

[[package]]
name = "ayeaye"
version = "0.2.2"
dependencies = [
 "ayeaye-core",
 "ayeaye-infer",
]

[[package]]
name = "ayeaye-core"
version = "0.2.2"

[[package]]
name = "ayeaye-infer"
version = "0.2.2"
